
Microsoft Visual Studio Solution File, Format Version 12.00
# Visual Studio Version 17
VisualStudioVersion = 17.5.33424.131
MinimumVisualStudioVersion = 10.0.40219.1
Project("{FAE04EC0-301F-11D3-BF4B-00C04F79EFBC}") = "MotivationDemonstration", "MotivationDemonstration\MotivationDemonstration.csproj", "{5178D842-6DA6-43CF-A33D-D1CC3534A2A5}"
EndProject
Global
	GlobalSection(SolutionConfigurationPlatforms) = preSolution
		Debug|Any CPU = Debug|Any CPU
		Release|Any CPU = Release|Any CPU
	EndGlobalSection
	GlobalSection(ProjectConfigurationPlatforms) = postSolution
		{5178D842-6DA6-43CF-A33D-D1CC3534A2A5}.Debug|Any CPU.ActiveCfg = Debug|Any CPU
		{5178D842-6DA6-43CF-A33D-D1CC3534A2A5}.Debug|Any CPU.Build.0 = Debug|Any CPU
		{5178D842-6DA6-43CF-A33D-D1CC3534A2A5}.Release|Any CPU.ActiveCfg = Release|Any CPU
		{5178D842-6DA6-43CF-A33D-D1CC3534A2A5}.Release|Any CPU.Build.0 = Release|Any CPU
	EndGlobalSection
	GlobalSection(SolutionProperties) = preSolution
		HideSolutionNode = FALSE
	EndGlobalSection
	GlobalSection(ExtensibilityGlobals) = postSolution
		SolutionGuid = {13ECD3E1-26A9-42A8-ACC5-DF35E2C6BC7A}
	EndGlobalSection
EndGlobal
